
Microsoft Visual Studio Solution File, Format Version 12.00
# Visual Studio Version 17
VisualStudioVersion = 17.7.34031.279
MinimumVisualStudioVersion = 10.0.40219.1
Project("{9A19103F-16F7-4668-BE54-9A1E7A4F7556}") = "DxBlazorChinook", "DxBlazorChinook\DxBlazorChinook.csproj", "{71C18935-70D9-40CE-86DF-83067108663B}"
EndProject
Project("{9A19103F-16F7-4668-BE54-9A1E7A4F7556}") = "DxBlazor.UI", "DxBlazor.UI\DxBlazor.UI.csproj", "{4C160EA4-42C0-4616-8372-4F79F29B1F78}"
EndProject
Global
	GlobalSection(SolutionConfigurationPlatforms) = preSolution
		Debug|Any CPU = Debug|Any CPU
		Release|Any CPU = Release|Any CPU
	EndGlobalSection
	GlobalSection(ProjectConfigurationPlatforms) = postSolution
		{71C18935-70D9-40CE-86DF-83067108663B}.Debug|Any CPU.ActiveCfg = Debug|Any CPU
		{71C18935-70D9-40CE-86DF-83067108663B}.Debug|Any CPU.Build.0 = Debug|Any CPU
		{71C18935-70D9-40CE-86DF-83067108663B}.Release|Any CPU.ActiveCfg = Release|Any CPU
		{71C18935-70D9-40CE-86DF-83067108663B}.Release|Any CPU.Build.0 = Release|Any CPU
		{4C160EA4-42C0-4616-8372-4F79F29B1F78}.Debug|Any CPU.ActiveCfg = Debug|Any CPU
		{4C160EA4-42C0-4616-8372-4F79F29B1F78}.Debug|Any CPU.Build.0 = Debug|Any CPU
		{4C160EA4-42C0-4616-8372-4F79F29B1F78}.Release|Any CPU.ActiveCfg = Release|Any CPU
		{4C160EA4-42C0-4616-8372-4F79F29B1F78}.Release|Any CPU.Build.0 = Release|Any CPU
	EndGlobalSection
	GlobalSection(SolutionProperties) = preSolution
		HideSolutionNode = FALSE
	EndGlobalSection
EndGlobal
